
Microsoft Visual Studio Solution File, Format Version 12.00
# Visual Studio Version 16
VisualStudioVersion = 16.0.31019.35
MinimumVisualStudioVersion = 10.0.40219.1
Project("{FAE04EC0-301F-11D3-BF4B-00C04F79EFBC}") = "Future", "Future.csproj", "{F58EE959-8BEA-45C7-A3B4-E70E635D312C}"
EndProject
Project("{FAE04EC0-301F-11D3-BF4B-00C04F79EFBC}") = "FutureLibrary", "FutureLibrary\FutureLibrary.csproj", "{03F2270D-2707-4C5A-ABE0-B18DBC724955}"
EndProject
Project("{FAE04EC0-301F-11D3-BF4B-00C04F79EFBC}") = "UnitTestFuture", "UnitTestFuture\UnitTestFuture.csproj", "{37AE7002-4250-4F19-8E95-97536486AB61}"
EndProject
Global
	GlobalSection(SolutionConfigurationPlatforms) = preSolution
		Debug|Any CPU = Debug|Any CPU
		Release|Any CPU = Release|Any CPU
	EndGlobalSection
	GlobalSection(ProjectConfigurationPlatforms) = postSolution
		{F58EE959-8BEA-45C7-A3B4-E70E635D312C}.Debug|Any CPU.ActiveCfg = Debug|Any CPU
		{F58EE959-8BEA-45C7-A3B4-E70E635D312C}.Debug|Any CPU.Build.0 = Debug|Any CPU
		{F58EE959-8BEA-45C7-A3B4-E70E635D312C}.Release|Any CPU.ActiveCfg = Release|Any CPU
		{F58EE959-8BEA-45C7-A3B4-E70E635D312C}.Release|Any CPU.Build.0 = Release|Any CPU
		{03F2270D-2707-4C5A-ABE0-B18DBC724955}.Debug|Any CPU.ActiveCfg = Debug|Any CPU
		{03F2270D-2707-4C5A-ABE0-B18DBC724955}.Debug|Any CPU.Build.0 = Debug|Any CPU
		{03F2270D-2707-4C5A-ABE0-B18DBC724955}.Release|Any CPU.ActiveCfg = Release|Any CPU
		{03F2270D-2707-4C5A-ABE0-B18DBC724955}.Release|Any CPU.Build.0 = Release|Any CPU
		{37AE7002-4250-4F19-8E95-97536486AB61}.Debug|Any CPU.ActiveCfg = Debug|Any CPU
		{37AE7002-4250-4F19-8E95-97536486AB61}.Debug|Any CPU.Build.0 = Debug|Any CPU
		{37AE7002-4250-4F19-8E95-97536486AB61}.Release|Any CPU.ActiveCfg = Release|Any CPU
		{37AE7002-4250-4F19-8E95-97536486AB61}.Release|Any CPU.Build.0 = Release|Any CPU
	EndGlobalSection
	GlobalSection(SolutionProperties) = preSolution
		HideSolutionNode = FALSE
	EndGlobalSection
	GlobalSection(ExtensibilityGlobals) = postSolution
		SolutionGuid = {D786DCB1-D1E0-4E9A-9009-09B16E96E911}
	EndGlobalSection
EndGlobal
