
Microsoft Visual Studio Solution File, Format Version 12.00
# Visual Studio Version 16
VisualStudioVersion = 16.0.30011.22
MinimumVisualStudioVersion = 10.0.40219.1
Project("{FAE04EC0-301F-11D3-BF4B-00C04F79EFBC}") = "WeakReference", "WeakReference.csproj", "{F44CC278-182E-487E-8957-5A2DEC4A046A}"
EndProject
Project("{FAE04EC0-301F-11D3-BF4B-00C04F79EFBC}") = "LibraryWeakRef", "LibraryWeakRef\LibraryWeakRef.csproj", "{4E06AC51-48EB-42A5-AE74-D22F1B82800D}"
EndProject
Project("{FAE04EC0-301F-11D3-BF4B-00C04F79EFBC}") = "WeakReferenceUnitTest", "WeakReferenceUnitTest\WeakReferenceUnitTest.csproj", "{8D57759C-C51A-4D59-88B7-267D631E3E52}"
EndProject
Global
	GlobalSection(SolutionConfigurationPlatforms) = preSolution
		Debug|Any CPU = Debug|Any CPU
		Release|Any CPU = Release|Any CPU
	EndGlobalSection
	GlobalSection(ProjectConfigurationPlatforms) = postSolution
		{F44CC278-182E-487E-8957-5A2DEC4A046A}.Debug|Any CPU.ActiveCfg = Debug|Any CPU
		{F44CC278-182E-487E-8957-5A2DEC4A046A}.Debug|Any CPU.Build.0 = Debug|Any CPU
		{F44CC278-182E-487E-8957-5A2DEC4A046A}.Release|Any CPU.ActiveCfg = Release|Any CPU
		{F44CC278-182E-487E-8957-5A2DEC4A046A}.Release|Any CPU.Build.0 = Release|Any CPU
		{4E06AC51-48EB-42A5-AE74-D22F1B82800D}.Debug|Any CPU.ActiveCfg = Debug|Any CPU
		{4E06AC51-48EB-42A5-AE74-D22F1B82800D}.Debug|Any CPU.Build.0 = Debug|Any CPU
		{4E06AC51-48EB-42A5-AE74-D22F1B82800D}.Release|Any CPU.ActiveCfg = Release|Any CPU
		{4E06AC51-48EB-42A5-AE74-D22F1B82800D}.Release|Any CPU.Build.0 = Release|Any CPU
		{8D57759C-C51A-4D59-88B7-267D631E3E52}.Debug|Any CPU.ActiveCfg = Debug|Any CPU
		{8D57759C-C51A-4D59-88B7-267D631E3E52}.Debug|Any CPU.Build.0 = Debug|Any CPU
		{8D57759C-C51A-4D59-88B7-267D631E3E52}.Release|Any CPU.ActiveCfg = Release|Any CPU
		{8D57759C-C51A-4D59-88B7-267D631E3E52}.Release|Any CPU.Build.0 = Release|Any CPU
	EndGlobalSection
	GlobalSection(SolutionProperties) = preSolution
		HideSolutionNode = FALSE
	EndGlobalSection
	GlobalSection(ExtensibilityGlobals) = postSolution
		SolutionGuid = {2963A689-952C-4C5A-BF90-9B62EAC3EE86}
	EndGlobalSection
EndGlobal
