
Microsoft Visual Studio Solution File, Format Version 12.00
# Visual Studio Version 16
VisualStudioVersion = 16.0.30011.22
MinimumVisualStudioVersion = 10.0.40219.1
Project("{FAE04EC0-301F-11D3-BF4B-00C04F79EFBC}") = "Bash", "Bash.csproj", "{8CE9D5B5-D22C-4EA7-B464-54C653F4E927}"
EndProject
Project("{FAE04EC0-301F-11D3-BF4B-00C04F79EFBC}") = "UnitTestBash", "UnitTestBash\UnitTestBash.csproj", "{992E6B8D-4772-4D1E-A962-72ADFD822EAF}"
EndProject
Global
	GlobalSection(SolutionConfigurationPlatforms) = preSolution
		Debug|Any CPU = Debug|Any CPU
		Release|Any CPU = Release|Any CPU
	EndGlobalSection
	GlobalSection(ProjectConfigurationPlatforms) = postSolution
		{8CE9D5B5-D22C-4EA7-B464-54C653F4E927}.Debug|Any CPU.ActiveCfg = Debug|Any CPU
		{8CE9D5B5-D22C-4EA7-B464-54C653F4E927}.Debug|Any CPU.Build.0 = Debug|Any CPU
		{8CE9D5B5-D22C-4EA7-B464-54C653F4E927}.Release|Any CPU.ActiveCfg = Release|Any CPU
		{8CE9D5B5-D22C-4EA7-B464-54C653F4E927}.Release|Any CPU.Build.0 = Release|Any CPU
		{992E6B8D-4772-4D1E-A962-72ADFD822EAF}.Debug|Any CPU.ActiveCfg = Debug|Any CPU
		{992E6B8D-4772-4D1E-A962-72ADFD822EAF}.Debug|Any CPU.Build.0 = Debug|Any CPU
		{992E6B8D-4772-4D1E-A962-72ADFD822EAF}.Release|Any CPU.ActiveCfg = Release|Any CPU
		{992E6B8D-4772-4D1E-A962-72ADFD822EAF}.Release|Any CPU.Build.0 = Release|Any CPU
	EndGlobalSection
	GlobalSection(SolutionProperties) = preSolution
		HideSolutionNode = FALSE
	EndGlobalSection
	GlobalSection(ExtensibilityGlobals) = postSolution
		SolutionGuid = {53AF7663-B76B-4D89-A23B-7FB6A9817DAE}
	EndGlobalSection
EndGlobal
