
Microsoft Visual Studio Solution File, Format Version 12.00
# Visual Studio Version 16
VisualStudioVersion = 16.0.31019.35
MinimumVisualStudioVersion = 10.0.40219.1
Project("{FAE04EC0-301F-11D3-BF4B-00C04F79EFBC}") = "Dekanat", "Dekanat.csproj", "{AFCA9195-A20C-4498-8D8D-CF3D56A9A793}"
EndProject
Project("{FAE04EC0-301F-11D3-BF4B-00C04F79EFBC}") = "DekanatLibrary", "DekanatLibrary\DekanatLibrary.csproj", "{030671E8-1039-490F-B932-F60CFC24FD52}"
EndProject
Project("{FAE04EC0-301F-11D3-BF4B-00C04F79EFBC}") = "UnitTestDekanat", "UnitTestDekanat\UnitTestDekanat.csproj", "{D1D2CD50-4A0A-4DA3-AD29-59CFBDA23FE4}"
EndProject
Global
	GlobalSection(SolutionConfigurationPlatforms) = preSolution
		Debug|Any CPU = Debug|Any CPU
		Release|Any CPU = Release|Any CPU
	EndGlobalSection
	GlobalSection(ProjectConfigurationPlatforms) = postSolution
		{AFCA9195-A20C-4498-8D8D-CF3D56A9A793}.Debug|Any CPU.ActiveCfg = Debug|Any CPU
		{AFCA9195-A20C-4498-8D8D-CF3D56A9A793}.Debug|Any CPU.Build.0 = Debug|Any CPU
		{AFCA9195-A20C-4498-8D8D-CF3D56A9A793}.Release|Any CPU.ActiveCfg = Release|Any CPU
		{AFCA9195-A20C-4498-8D8D-CF3D56A9A793}.Release|Any CPU.Build.0 = Release|Any CPU
		{030671E8-1039-490F-B932-F60CFC24FD52}.Debug|Any CPU.ActiveCfg = Debug|Any CPU
		{030671E8-1039-490F-B932-F60CFC24FD52}.Debug|Any CPU.Build.0 = Debug|Any CPU
		{030671E8-1039-490F-B932-F60CFC24FD52}.Release|Any CPU.ActiveCfg = Release|Any CPU
		{030671E8-1039-490F-B932-F60CFC24FD52}.Release|Any CPU.Build.0 = Release|Any CPU
		{D1D2CD50-4A0A-4DA3-AD29-59CFBDA23FE4}.Debug|Any CPU.ActiveCfg = Debug|Any CPU
		{D1D2CD50-4A0A-4DA3-AD29-59CFBDA23FE4}.Debug|Any CPU.Build.0 = Debug|Any CPU
		{D1D2CD50-4A0A-4DA3-AD29-59CFBDA23FE4}.Release|Any CPU.ActiveCfg = Release|Any CPU
		{D1D2CD50-4A0A-4DA3-AD29-59CFBDA23FE4}.Release|Any CPU.Build.0 = Release|Any CPU
	EndGlobalSection
	GlobalSection(SolutionProperties) = preSolution
		HideSolutionNode = FALSE
	EndGlobalSection
	GlobalSection(ExtensibilityGlobals) = postSolution
		SolutionGuid = {4DD21756-81E2-42D3-881A-4AB59A32AD2A}
	EndGlobalSection
EndGlobal
