
Microsoft Visual Studio Solution File, Format Version 12.00
# Visual Studio Version 16
VisualStudioVersion = 16.0.30011.22
MinimumVisualStudioVersion = 10.0.40219.1
Project("{FAE04EC0-301F-11D3-BF4B-00C04F79EFBC}") = "Jeneric", "Jeneric.csproj", "{FCF3CDB4-E19F-4DF3-9FAF-ED206E33C385}"
EndProject
Project("{FAE04EC0-301F-11D3-BF4B-00C04F79EFBC}") = "JenericUnitTest", "JenericUnitTest\JenericUnitTest.csproj", "{64038179-9AAB-4F3F-A375-559D197524FC}"
EndProject
Project("{FAE04EC0-301F-11D3-BF4B-00C04F79EFBC}") = "LibraryJeneric", "LibraryJeneric\LibraryJeneric.csproj", "{460D8FA9-DB9F-4BDF-A221-A233EE195B9B}"
EndProject
Global
	GlobalSection(SolutionConfigurationPlatforms) = preSolution
		Debug|Any CPU = Debug|Any CPU
		Release|Any CPU = Release|Any CPU
	EndGlobalSection
	GlobalSection(ProjectConfigurationPlatforms) = postSolution
		{FCF3CDB4-E19F-4DF3-9FAF-ED206E33C385}.Debug|Any CPU.ActiveCfg = Debug|Any CPU
		{FCF3CDB4-E19F-4DF3-9FAF-ED206E33C385}.Debug|Any CPU.Build.0 = Debug|Any CPU
		{FCF3CDB4-E19F-4DF3-9FAF-ED206E33C385}.Release|Any CPU.ActiveCfg = Release|Any CPU
		{FCF3CDB4-E19F-4DF3-9FAF-ED206E33C385}.Release|Any CPU.Build.0 = Release|Any CPU
		{64038179-9AAB-4F3F-A375-559D197524FC}.Debug|Any CPU.ActiveCfg = Debug|Any CPU
		{64038179-9AAB-4F3F-A375-559D197524FC}.Debug|Any CPU.Build.0 = Debug|Any CPU
		{64038179-9AAB-4F3F-A375-559D197524FC}.Release|Any CPU.ActiveCfg = Release|Any CPU
		{64038179-9AAB-4F3F-A375-559D197524FC}.Release|Any CPU.Build.0 = Release|Any CPU
		{460D8FA9-DB9F-4BDF-A221-A233EE195B9B}.Debug|Any CPU.ActiveCfg = Debug|Any CPU
		{460D8FA9-DB9F-4BDF-A221-A233EE195B9B}.Debug|Any CPU.Build.0 = Debug|Any CPU
		{460D8FA9-DB9F-4BDF-A221-A233EE195B9B}.Release|Any CPU.ActiveCfg = Release|Any CPU
		{460D8FA9-DB9F-4BDF-A221-A233EE195B9B}.Release|Any CPU.Build.0 = Release|Any CPU
	EndGlobalSection
	GlobalSection(SolutionProperties) = preSolution
		HideSolutionNode = FALSE
	EndGlobalSection
	GlobalSection(ExtensibilityGlobals) = postSolution
		SolutionGuid = {2DA8ED10-843A-4AE6-975D-0037E2C41046}
	EndGlobalSection
EndGlobal
